
Microsoft Visual Studio Solution File, Format Version 12.00
# Visual Studio 14
VisualStudioVersion = 14.0.24720.0
MinimumVisualStudioVersion = 10.0.40219.1
Project("{FAE04EC0-301F-11D3-BF4B-00C04F79EFBC}") = "PromoFinder", "PromoFinder\PromoFinder.csproj", "{476A0F14-BCAB-48BE-96BC-D553F4E4C305}"
EndProject
Global
	GlobalSection(SolutionConfigurationPlatforms) = preSolution
		Debug|Any CPU = Debug|Any CPU
		Release|Any CPU = Release|Any CPU
	EndGlobalSection
	GlobalSection(ProjectConfigurationPlatforms) = postSolution
		{476A0F14-BCAB-48BE-96BC-D553F4E4C305}.Debug|Any CPU.ActiveCfg = Debug|Any CPU
		{476A0F14-BCAB-48BE-96BC-D553F4E4C305}.Debug|Any CPU.Build.0 = Debug|Any CPU
		{476A0F14-BCAB-48BE-96BC-D553F4E4C305}.Release|Any CPU.ActiveCfg = Release|Any CPU
		{476A0F14-BCAB-48BE-96BC-D553F4E4C305}.Release|Any CPU.Build.0 = Release|Any CPU
	EndGlobalSection
	GlobalSection(SolutionProperties) = preSolution
		HideSolutionNode = FALSE
	EndGlobalSection
EndGlobal
